
Microsoft Visual Studio Solution File, Format Version 12.00
# Visual Studio Version 16
VisualStudioVersion = 16.0.30804.86
MinimumVisualStudioVersion = 10.0.40219.1
Project("{8BC9CEB8-8B4A-11D0-8D11-00A0C91BC942}") = "cr_ahd - C++", "cr_ahd - C++\cr_ahd - C++.vcxproj", "{8660A60F-5552-4DAA-8675-77297ED9D451}"
EndProject
Project("{888888A0-9F3D-457C-B088-3A5042F75D52}") = "cr_ahd - Python", "cr_ahd - Python\cr_ahd - Python.pyproj", "{10C2D5BF-FEF7-4FF9-841E-B7017D10B9E7}"
EndProject
Project("{8BC9CEB8-8B4A-11D0-8D11-00A0C91BC942}") = "Learning C++", "..\..\..\..\..\Documents\Visual Studio 2019\Source\repos\Learning C++\Learning C++.vcxproj", "{7E8A0766-2AB4-4E72-92E1-CB36AE4471F2}"
EndProject
Global
	GlobalSection(SolutionConfigurationPlatforms) = preSolution
		Debug|Any CPU = Debug|Any CPU
		Debug|x64 = Debug|x64
		Debug|x86 = Debug|x86
		Release|Any CPU = Release|Any CPU
		Release|x64 = Release|x64
		Release|x86 = Release|x86
	EndGlobalSection
	GlobalSection(ProjectConfigurationPlatforms) = postSolution
		{8660A60F-5552-4DAA-8675-77297ED9D451}.Debug|Any CPU.ActiveCfg = Debug|Win32
		{8660A60F-5552-4DAA-8675-77297ED9D451}.Debug|x64.ActiveCfg = Debug|x64
		{8660A60F-5552-4DAA-8675-77297ED9D451}.Debug|x64.Build.0 = Debug|x64
		{8660A60F-5552-4DAA-8675-77297ED9D451}.Debug|x86.ActiveCfg = Debug|Win32
		{8660A60F-5552-4DAA-8675-77297ED9D451}.Debug|x86.Build.0 = Debug|Win32
		{8660A60F-5552-4DAA-8675-77297ED9D451}.Release|Any CPU.ActiveCfg = Release|Win32
		{8660A60F-5552-4DAA-8675-77297ED9D451}.Release|x64.ActiveCfg = Release|x64
		{8660A60F-5552-4DAA-8675-77297ED9D451}.Release|x64.Build.0 = Release|x64
		{8660A60F-5552-4DAA-8675-77297ED9D451}.Release|x86.ActiveCfg = Release|Win32
		{8660A60F-5552-4DAA-8675-77297ED9D451}.Release|x86.Build.0 = Release|Win32
		{10C2D5BF-FEF7-4FF9-841E-B7017D10B9E7}.Debug|Any CPU.ActiveCfg = Debug|Any CPU
		{10C2D5BF-FEF7-4FF9-841E-B7017D10B9E7}.Debug|x64.ActiveCfg = Debug|Any CPU
		{10C2D5BF-FEF7-4FF9-841E-B7017D10B9E7}.Debug|x86.ActiveCfg = Debug|Any CPU
		{10C2D5BF-FEF7-4FF9-841E-B7017D10B9E7}.Release|Any CPU.ActiveCfg = Release|Any CPU
		{10C2D5BF-FEF7-4FF9-841E-B7017D10B9E7}.Release|x64.ActiveCfg = Release|Any CPU
		{10C2D5BF-FEF7-4FF9-841E-B7017D10B9E7}.Release|x86.ActiveCfg = Release|Any CPU
		{7E8A0766-2AB4-4E72-92E1-CB36AE4471F2}.Debug|Any CPU.ActiveCfg = Debug|Win32
		{7E8A0766-2AB4-4E72-92E1-CB36AE4471F2}.Debug|x64.ActiveCfg = Debug|x64
		{7E8A0766-2AB4-4E72-92E1-CB36AE4471F2}.Debug|x64.Build.0 = Debug|x64
		{7E8A0766-2AB4-4E72-92E1-CB36AE4471F2}.Debug|x86.ActiveCfg = Debug|Win32
		{7E8A0766-2AB4-4E72-92E1-CB36AE4471F2}.Debug|x86.Build.0 = Debug|Win32
		{7E8A0766-2AB4-4E72-92E1-CB36AE4471F2}.Release|Any CPU.ActiveCfg = Release|Win32
		{7E8A0766-2AB4-4E72-92E1-CB36AE4471F2}.Release|x64.ActiveCfg = Release|x64
		{7E8A0766-2AB4-4E72-92E1-CB36AE4471F2}.Release|x64.Build.0 = Release|x64
		{7E8A0766-2AB4-4E72-92E1-CB36AE4471F2}.Release|x86.ActiveCfg = Release|Win32
		{7E8A0766-2AB4-4E72-92E1-CB36AE4471F2}.Release|x86.Build.0 = Release|Win32
	EndGlobalSection
	GlobalSection(SolutionProperties) = preSolution
		HideSolutionNode = FALSE
	EndGlobalSection
	GlobalSection(ExtensibilityGlobals) = postSolution
		SolutionGuid = {7ED45374-4705-44C3-AD10-8E01282A07C8}
	EndGlobalSection
EndGlobal
